// !$*UTF8*$!
{
	archiveVersion = 1;
	classes = {
	};
	objectVersion = 77;
	objects = {

/* Begin PBXContainerItemProxy section */
		2B5D73642D2241D90069FE78 /* PBXContainerItemProxy */ = {
			isa = PBXContainerItemProxy;
			containerPortal = 2B5D734A2D2241D70069FE78 /* Project object */;
			proxyType = 1;
			remoteGlobalIDString = 2B5D73512D2241D70069FE78;
			remoteInfo = Dezka;
		};
		2B5D736E2D2241D90069FE78 /* PBXContainerItemProxy */ = {
			isa = PBXContainerItemProxy;
			containerPortal = 2B5D734A2D2241D70069FE78 /* Project object */;
			proxyType = 1;
			remoteGlobalIDString = 2B5D73512D2241D70069FE78;
			remoteInfo = Dezka;
		};
/* End PBXContainerItemProxy section */

/* Begin PBXFileReference section */
		2B5D73522D2241D70069FE78 /* Dezka.app */ = {isa = PBXFileReference; explicitFileType = wrapper.application; includeInIndex = 0; path = Dezka.app; sourceTree = BUILT_PRODUCTS_DIR; };
		2B5D73632D2241D90069FE78 /* DezkaTests.xctest */ = {isa = PBXFileReference; explicitFileType = wrapper.cfbundle; includeInIndex = 0; path = DezkaTests.xctest; sourceTree = BUILT_PRODUCTS_DIR; };
		2B5D736D2D2241D90069FE78 /* DezkaUITests.xctest */ = {isa = PBXFileReference; explicitFileType = wrapper.cfbundle; includeInIndex = 0; path = DezkaUITests.xctest; sourceTree = BUILT_PRODUCTS_DIR; };
/* End PBXFileReference section */

/* Begin PBXFileSystemSynchronizedRootGroup section */
		2B5D73542D2241D70069FE78 /* Dezka */ = {
			isa = PBXFileSystemSynchronizedRootGroup;
			path = Dezka;
			sourceTree = "<group>";
		};
		2B5D73662D2241D90069FE78 /* DezkaTests */ = {
			isa = PBXFileSystemSynchronizedRootGroup;
			path = DezkaTests;
			sourceTree = "<group>";
		};
		2B5D73702D2241D90069FE78 /* DezkaUITests */ = {
			isa = PBXFileSystemSynchronizedRootGroup;
			path = DezkaUITests;
			sourceTree = "<group>";
		};
/* End PBXFileSystemSynchronizedRootGroup section */

/* Begin PBXFrameworksBuildPhase section */
		2B5D734F2D2241D70069FE78 /* Frameworks */ = {
			isa = PBXFrameworksBuildPhase;
			buildActionMask = 2147483647;
			files = (
			);
			runOnlyForDeploymentPostprocessing = 0;
		};
		2B5D73602D2241D90069FE78 /* Frameworks */ = {
			isa = PBXFrameworksBuildPhase;
			buildActionMask = 2147483647;
			files = (
			);
			runOnlyForDeploymentPostprocessing = 0;
		};
		2B5D736A2D2241D90069FE78 /* Frameworks */ = {
			isa = PBXFrameworksBuildPhase;
			buildActionMask = 2147483647;
			files = (
			);
			runOnlyForDeploymentPostprocessing = 0;
		};
/* End PBXFrameworksBuildPhase section */

/* Begin PBXGroup section */
		2B5D73492D2241D70069FE78 = {
			isa = PBXGroup;
			children = (
				2B5D73542D2241D70069FE78 /* Dezka */,
				2B5D73662D2241D90069FE78 /* DezkaTests */,
				2B5D73702D2241D90069FE78 /* DezkaUITests */,
				2B5D73532D2241D70069FE78 /* Products */,
			);
			sourceTree = "<group>";
		};
		2B5D73532D2241D70069FE78 /* Products */ = {
			isa = PBXGroup;
			children = (
				2B5D73522D2241D70069FE78 /* Dezka.app */,
				2B5D73632D2241D90069FE78 /* DezkaTests.xctest */,
				2B5D736D2D2241D90069FE78 /* DezkaUITests.xctest */,
			);
			name = Products;
			sourceTree = "<group>";
		};
/* End PBXGroup section */

/* Begin PBXNativeTarget section */
		2B5D73512D2241D70069FE78 /* Dezka */ = {
			isa = PBXNativeTarget;
			buildConfigurationList = 2B5D73772D2241D90069FE78 /* Build configuration list for PBXNativeTarget "Dezka" */;
			buildPhases = (
				2B5D734E2D2241D70069FE78 /* Sources */,
				2B5D734F2D2241D70069FE78 /* Frameworks */,
				2B5D73502D2241D70069FE78 /* Resources */,
			);
			buildRules = (
			);
			dependencies = (
			);
			fileSystemSynchronizedGroups = (
				2B5D73542D2241D70069FE78 /* Dezka */,
			);
			name = Dezka;
			packageProductDependencies = (
			);
			productName = Dezka;
			productReference = 2B5D73522D2241D70069FE78 /* Dezka.app */;
			productType = "com.apple.product-type.application";
		};
		2B5D73622D2241D90069FE78 /* DezkaTests */ = {
			isa = PBXNativeTarget;
			buildConfigurationList = 2B5D737A2D2241D90069FE78 /* Build configuration list for PBXNativeTarget "DezkaTests" */;
			buildPhases = (
				2B5D735F2D2241D90069FE78 /* Sources */,
				2B5D73602D2241D90069FE78 /* Frameworks */,
				2B5D73612D2241D90069FE78 /* Resources */,
			);
			buildRules = (
			);
			dependencies = (
				2B5D73652D2241D90069FE78 /* PBXTargetDependency */,
			);
			fileSystemSynchronizedGroups = (
				2B5D73662D2241D90069FE78 /* DezkaTests */,
			);
			name = DezkaTests;
			packageProductDependencies = (
			);
			productName = DezkaTests;
			productReference = 2B5D73632D2241D90069FE78 /* DezkaTests.xctest */;
			productType = "com.apple.product-type.bundle.unit-test";
		};
		2B5D736C2D2241D90069FE78 /* DezkaUITests */ = {
			isa = PBXNativeTarget;
			buildConfigurationList = 2B5D737D2D2241D90069FE78 /* Build configuration list for PBXNativeTarget "DezkaUITests" */;
			buildPhases = (
				2B5D73692D2241D90069FE78 /* Sources */,
				2B5D736A2D2241D90069FE78 /* Frameworks */,
				2B5D736B2D2241D90069FE78 /* Resources */,
			);
			buildRules = (
			);
			dependencies = (
				2B5D736F2D2241D90069FE78 /* PBXTargetDependency */,
			);
			fileSystemSynchronizedGroups = (
				2B5D73702D2241D90069FE78 /* DezkaUITests */,
			);
			name = DezkaUITests;
			packageProductDependencies = (
			);
			productName = DezkaUITests;
			productReference = 2B5D736D2D2241D90069FE78 /* DezkaUITests.xctest */;
			productType = "com.apple.product-type.bundle.ui-testing";
		};
/* End PBXNativeTarget section */

/* Begin PBXProject section */
		2B5D734A2D2241D70069FE78 /* Project object */ = {
			isa = PBXProject;
			attributes = {
				BuildIndependentTargetsInParallel = 1;
				LastSwiftUpdateCheck = 1620;
				LastUpgradeCheck = 1620;
				TargetAttributes = {
					2B5D73512D2241D70069FE78 = {
						CreatedOnToolsVersion = 16.2;
					};
					2B5D73622D2241D90069FE78 = {
						CreatedOnToolsVersion = 16.2;
						TestTargetID = 2B5D73512D2241D70069FE78;
					};
					2B5D736C2D2241D90069FE78 = {
						CreatedOnToolsVersion = 16.2;
						TestTargetID = 2B5D73512D2241D70069FE78;
					};
				};
			};
			buildConfigurationList = 2B5D734D2D2241D70069FE78 /* Build configuration list for PBXProject "Dezka" */;
			developmentRegion = en;
			hasScannedForEncodings = 0;
			knownRegions = (
				en,
				Base,
			);
			mainGroup = 2B5D73492D2241D70069FE78;
			minimizedProjectReferenceProxies = 1;
			preferredProjectObjectVersion = 77;
			productRefGroup = 2B5D73532D2241D70069FE78 /* Products */;
			projectDirPath = "";
			projectRoot = "";
			targets = (
				2B5D73512D2241D70069FE78 /* Dezka */,
				2B5D73622D2241D90069FE78 /* DezkaTests */,
				2B5D736C2D2241D90069FE78 /* DezkaUITests */,
			);
		};
/* End PBXProject section */

/* Begin PBXResourcesBuildPhase section */
		2B5D73502D2241D70069FE78 /* Resources */ = {
			isa = PBXResourcesBuildPhase;
			buildActionMask = 2147483647;
			files = (
			);
			runOnlyForDeploymentPostprocessing = 0;
		};
		2B5D73612D2241D90069FE78 /* Resources */ = {
			isa = PBXResourcesBuildPhase;
			buildActionMask = 2147483647;
			files = (
			);
			runOnlyForDeploymentPostprocessing = 0;
		};
		2B5D736B2D2241D90069FE78 /* Resources */ = {
			isa = PBXResourcesBuildPhase;
			buildActionMask = 2147483647;
			files = (
			);
			runOnlyForDeploymentPostprocessing = 0;
		};
/* End PBXResourcesBuildPhase section */

/* Begin PBXSourcesBuildPhase section */
		2B5D734E2D2241D70069FE78 /* Sources */ = {
			isa = PBXSourcesBuildPhase;
			buildActionMask = 2147483647;
			files = (
			);
			runOnlyForDeploymentPostprocessing = 0;
		};
		2B5D735F2D2241D90069FE78 /* Sources */ = {
			isa = PBXSourcesBuildPhase;
			buildActionMask = 2147483647;
			files = (
			);
			runOnlyForDeploymentPostprocessing = 0;
		};
		2B5D73692D2241D90069FE78 /* Sources */ = {
			isa = PBXSourcesBuildPhase;
			buildActionMask = 2147483647;
			files = (
			);
			runOnlyForDeploymentPostprocessing = 0;
		};
/* End PBXSourcesBuildPhase section */

/* Begin PBXTargetDependency section */
		2B5D73652D2241D90069FE78 /* PBXTargetDependency */ = {
			isa = PBXTargetDependency;
			target = 2B5D73512D2241D70069FE78 /* Dezka */;
			targetProxy = 2B5D73642D2241D90069FE78 /* PBXContainerItemProxy */;
		};
		2B5D736F2D2241D90069FE78 /* PBXTargetDependency */ = {
			isa = PBXTargetDependency;
			target = 2B5D73512D2241D70069FE78 /* Dezka */;
			targetProxy = 2B5D736E2D2241D90069FE78 /* PBXContainerItemProxy */;
		};
/* End PBXTargetDependency section */

/* Begin XCBuildConfiguration section */
		2B5D73752D2241D90069FE78 /* Debug */ = {
			isa = XCBuildConfiguration;
			buildSettings = {
				ALWAYS_SEARCH_USER_PATHS = NO;
				ASSETCATALOG_COMPILER_GENERATE_SWIFT_ASSET_SYMBOL_EXTENSIONS = YES;
				CLANG_ANALYZER_NONNULL = YES;
				CLANG_ANALYZER_NUMBER_OBJECT_CONVERSION = YES_AGGRESSIVE;
				CLANG_CXX_LANGUAGE_STANDARD = "gnu++20";
				CLANG_ENABLE_MODULES = YES;
				CLANG_ENABLE_OBJC_ARC = YES;
				CLANG_ENABLE_OBJC_WEAK = YES;
				CLANG_WARN_BLOCK_CAPTURE_AUTORELEASING = YES;
				CLANG_WARN_BOOL_CONVERSION = YES;
				CLANG_WARN_COMMA = YES;
				CLANG_WARN_CONSTANT_CONVERSION = YES;
				CLANG_WARN_DEPRECATED_OBJC_IMPLEMENTATIONS = YES;
				CLANG_WARN_DIRECT_OBJC_ISA_USAGE = YES_ERROR;
				CLANG_WARN_DOCUMENTATION_COMMENTS = YES;
				CLANG_WARN_EMPTY_BODY = YES;
				CLANG_WARN_ENUM_CONVERSION = YES;
				CLANG_WARN_INFINITE_RECURSION = YES;
				CLANG_WARN_INT_CONVERSION = YES;
				CLANG_WARN_NON_LITERAL_NULL_CONVERSION = YES;
				CLANG_WARN_OBJC_IMPLICIT_RETAIN_SELF = YES;
				CLANG_WARN_OBJC_LITERAL_CONVERSION = YES;
				CLANG_WARN_OBJC_ROOT_CLASS = YES_ERROR;
				CLANG_WARN_QUOTED_INCLUDE_IN_FRAMEWORK_HEADER = YES;
				CLANG_WARN_RANGE_LOOP_ANALYSIS = YES;
				CLANG_WARN_STRICT_PROTOTYPES = YES;
				CLANG_WARN_SUSPICIOUS_MOVE = YES;
				CLANG_WARN_UNGUARDED_AVAILABILITY = YES_AGGRESSIVE;
				CLANG_WARN_UNREACHABLE_CODE = YES;
				CLANG_WARN__DUPLICATE_METHOD_MATCH = YES;
				COPY_PHASE_STRIP = NO;
				DEBUG_INFORMATION_FORMAT = dwarf;
				ENABLE_STRICT_OBJC_MSGSEND = YES;
				ENABLE_TESTABILITY = YES;
				ENABLE_USER_SCRIPT_SANDBOXING = YES;
				GCC_C_LANGUAGE_STANDARD = gnu17;
				GCC_DYNAMIC_NO_PIC = NO;
				GCC_NO_COMMON_BLOCKS = YES;
				GCC_OPTIMIZATION_LEVEL = 0;
				GCC_PREPROCESSOR_DEFINITIONS = (
					"DEBUG=1",
					"$(inherited)",
				);
				GCC_WARN_64_TO_32_BIT_CONVERSION = YES;
				GCC_WARN_ABOUT_RETURN_TYPE = YES_ERROR;
				GCC_WARN_UNDECLARED_SELECTOR = YES;
				GCC_WARN_UNINITIALIZED_AUTOS = YES_AGGRESSIVE;
				GCC_WARN_UNUSED_FUNCTION = YES;
				GCC_WARN_UNUSED_VARIABLE = YES;
				LOCALIZATION_PREFERS_STRING_CATALOGS = YES;
				MACOSX_DEPLOYMENT_TARGET = 15.1;
				MTL_ENABLE_DEBUG_INFO = INCLUDE_SOURCE;
				MTL_FAST_MATH = YES;
				ONLY_ACTIVE_ARCH = YES;
				SDKROOT = macosx;
				SWIFT_ACTIVE_COMPILATION_CONDITIONS = "DEBUG $(inherited)";
				SWIFT_OPTIMIZATION_LEVEL = "-Onone";
			};
			name = Debug;
		};
		2B5D73762D2241D90069FE78 /* Release */ = {
			isa = XCBuildConfiguration;
			buildSettings = {
				ALWAYS_SEARCH_USER_PATHS = NO;
				ASSETCATALOG_COMPILER_GENERATE_SWIFT_ASSET_SYMBOL_EXTENSIONS = YES;
				CLANG_ANALYZER_NONNULL = YES;
				CLANG_ANALYZER_NUMBER_OBJECT_CONVERSION = YES_AGGRESSIVE;
				CLANG_CXX_LANGUAGE_STANDARD = "gnu++20";
				CLANG_ENABLE_MODULES = YES;
				CLANG_ENABLE_OBJC_ARC = YES;
				CLANG_ENABLE_OBJC_WEAK = YES;
				CLANG_WARN_BLOCK_CAPTURE_AUTORELEASING = YES;
				CLANG_WARN_BOOL_CONVERSION = YES;
				CLANG_WARN_COMMA = YES;
				CLANG_WARN_CONSTANT_CONVERSION = YES;
				CLANG_WARN_DEPRECATED_OBJC_IMPLEMENTATIONS = YES;
				CLANG_WARN_DIRECT_OBJC_ISA_USAGE = YES_ERROR;
				CLANG_WARN_DOCUMENTATION_COMMENTS = YES;
				CLANG_WARN_EMPTY_BODY = YES;
				CLANG_WARN_ENUM_CONVERSION = YES;
				CLANG_WARN_INFINITE_RECURSION = YES;
				CLANG_WARN_INT_CONVERSION = YES;
				CLANG_WARN_NON_LITERAL_NULL_CONVERSION = YES;
				CLANG_WARN_OBJC_IMPLICIT_RETAIN_SELF = YES;
				CLANG_WARN_OBJC_LITERAL_CONVERSION = YES;
				CLANG_WARN_OBJC_ROOT_CLASS = YES_ERROR;
				CLANG_WARN_QUOTED_INCLUDE_IN_FRAMEWORK_HEADER = YES;
				CLANG_WARN_RANGE_LOOP_ANALYSIS = YES;
				CLANG_WARN_STRICT_PROTOTYPES = YES;
				CLANG_WARN_SUSPICIOUS_MOVE = YES;
				CLANG_WARN_UNGUARDED_AVAILABILITY = YES_AGGRESSIVE;
				CLANG_WARN_UNREACHABLE_CODE = YES;
				CLANG_WARN__DUPLICATE_METHOD_MATCH = YES;
				COPY_PHASE_STRIP = NO;
				DEBUG_INFORMATION_FORMAT = "dwarf-with-dsym";
				ENABLE_NS_ASSERTIONS = NO;
				ENABLE_STRICT_OBJC_MSGSEND = YES;
				ENABLE_USER_SCRIPT_SANDBOXING = YES;
				GCC_C_LANGUAGE_STANDARD = gnu17;
				GCC_NO_COMMON_BLOCKS = YES;
				GCC_WARN_64_TO_32_BIT_CONVERSION = YES;
				GCC_WARN_ABOUT_RETURN_TYPE = YES_ERROR;
				GCC_WARN_UNDECLARED_SELECTOR = YES;
				GCC_WARN_UNINITIALIZED_AUTOS = YES_AGGRESSIVE;
				GCC_WARN_UNUSED_FUNCTION = YES;
				GCC_WARN_UNUSED_VARIABLE = YES;
				LOCALIZATION_PREFERS_STRING_CATALOGS = YES;
				MACOSX_DEPLOYMENT_TARGET = 15.1;
				MTL_ENABLE_DEBUG_INFO = NO;
				MTL_FAST_MATH = YES;
				SDKROOT = macosx;
				SWIFT_COMPILATION_MODE = wholemodule;
			};
			name = Release;
		};
		2B5D73782D2241D90069FE78 /* Debug */ = {
			isa = XCBuildConfiguration;
			buildSettings = {
				ASSETCATALOG_COMPILER_APPICON_NAME = AppIcon;
				ASSETCATALOG_COMPILER_GLOBAL_ACCENT_COLOR_NAME = AccentColor;
				CODE_SIGN_ENTITLEMENTS = Dezka/Dezka.entitlements;
				CODE_SIGN_STYLE = Automatic;
				COMBINE_HIDPI_IMAGES = YES;
				CURRENT_PROJECT_VERSION = 1;
				DEVELOPMENT_ASSET_PATHS = "\"Dezka/Preview Content\"";
				DEVELOPMENT_TEAM = 587TR4WJS4;
				ENABLE_HARDENED_RUNTIME = YES;
				ENABLE_PREVIEWS = YES;
				GENERATE_INFOPLIST_FILE = YES;
				INFOPLIST_KEY_NSHumanReadableCopyright = "";
				LD_RUNPATH_SEARCH_PATHS = (
					"$(inherited)",
					"@executable_path/../Frameworks",
				);
				MARKETING_VERSION = 1.0;
				PRODUCT_BUNDLE_IDENTIFIER = ro.dragostudorache.Dezka;
				PRODUCT_NAME = "$(TARGET_NAME)";
				SWIFT_EMIT_LOC_STRINGS = YES;
				SWIFT_VERSION = 5.0;
			};
			name = Debug;
		};
		2B5D73792D2241D90069FE78 /* Release */ = {
			isa = XCBuildConfiguration;
			buildSettings = {
				ASSETCATALOG_COMPILER_APPICON_NAME = AppIcon;
				ASSETCATALOG_COMPILER_GLOBAL_ACCENT_COLOR_NAME = AccentColor;
				CODE_SIGN_ENTITLEMENTS = Dezka/Dezka.entitlements;
				CODE_SIGN_STYLE = Automatic;
				COMBINE_HIDPI_IMAGES = YES;
				CURRENT_PROJECT_VERSION = 1;
				DEVELOPMENT_ASSET_PATHS = "\"Dezka/Preview Content\"";
				DEVELOPMENT_TEAM = 587TR4WJS4;
				ENABLE_HARDENED_RUNTIME = YES;
				ENABLE_PREVIEWS = YES;
				GENERATE_INFOPLIST_FILE = YES;
				INFOPLIST_KEY_NSHumanReadableCopyright = "";
				LD_RUNPATH_SEARCH_PATHS = (
					"$(inherited)",
					"@executable_path/../Frameworks",
				);
				MARKETING_VERSION = 1.0;
				PRODUCT_BUNDLE_IDENTIFIER = ro.dragostudorache.Dezka;
				PRODUCT_NAME = "$(TARGET_NAME)";
				SWIFT_EMIT_LOC_STRINGS = YES;
				SWIFT_VERSION = 5.0;
			};
			name = Release;
		};
		2B5D737B2D2241D90069FE78 /* Debug */ = {
			isa = XCBuildConfiguration;
			buildSettings = {
				BUNDLE_LOADER = "$(TEST_HOST)";
				CODE_SIGN_STYLE = Automatic;
				CURRENT_PROJECT_VERSION = 1;
				DEVELOPMENT_TEAM = 587TR4WJS4;
				GENERATE_INFOPLIST_FILE = YES;
				MACOSX_DEPLOYMENT_TARGET = 15.1;
				MARKETING_VERSION = 1.0;
				PRODUCT_BUNDLE_IDENTIFIER = ro.dragostudorache.DezkaTests;
				PRODUCT_NAME = "$(TARGET_NAME)";
				SWIFT_EMIT_LOC_STRINGS = NO;
				SWIFT_VERSION = 5.0;
				TEST_HOST = "$(BUILT_PRODUCTS_DIR)/Dezka.app/$(BUNDLE_EXECUTABLE_FOLDER_PATH)/Dezka";
			};
			name = Debug;
		};
		2B5D737C2D2241D90069FE78 /* Release */ = {
			isa = XCBuildConfiguration;
			buildSettings = {
				BUNDLE_LOADER = "$(TEST_HOST)";
				CODE_SIGN_STYLE = Automatic;
				CURRENT_PROJECT_VERSION = 1;
				DEVELOPMENT_TEAM = 587TR4WJS4;
				GENERATE_INFOPLIST_FILE = YES;
				MACOSX_DEPLOYMENT_TARGET = 15.1;
				MARKETING_VERSION = 1.0;
				PRODUCT_BUNDLE_IDENTIFIER = ro.dragostudorache.DezkaTests;
				PRODUCT_NAME = "$(TARGET_NAME)";
				SWIFT_EMIT_LOC_STRINGS = NO;
				SWIFT_VERSION = 5.0;
				TEST_HOST = "$(BUILT_PRODUCTS_DIR)/Dezka.app/$(BUNDLE_EXECUTABLE_FOLDER_PATH)/Dezka";
			};
			name = Release;
		};
		2B5D737E2D2241D90069FE78 /* Debug */ = {
			isa = XCBuildConfiguration;
			buildSettings = {
				CODE_SIGN_STYLE = Automatic;
				CURRENT_PROJECT_VERSION = 1;
				DEVELOPMENT_TEAM = 587TR4WJS4;
				GENERATE_INFOPLIST_FILE = YES;
				MARKETING_VERSION = 1.0;
				PRODUCT_BUNDLE_IDENTIFIER = ro.dragostudorache.DezkaUITests;
				PRODUCT_NAME = "$(TARGET_NAME)";
				SWIFT_EMIT_LOC_STRINGS = NO;
				SWIFT_VERSION = 5.0;
				TEST_TARGET_NAME = Dezka;
			};
			name = Debug;
		};
		2B5D737F2D2241D90069FE78 /* Release */ = {
			isa = XCBuildConfiguration;
			buildSettings = {
				CODE_SIGN_STYLE = Automatic;
				CURRENT_PROJECT_VERSION = 1;
				DEVELOPMENT_TEAM = 587TR4WJS4;
				GENERATE_INFOPLIST_FILE = YES;
				MARKETING_VERSION = 1.0;
				PRODUCT_BUNDLE_IDENTIFIER = ro.dragostudorache.DezkaUITests;
				PRODUCT_NAME = "$(TARGET_NAME)";
				SWIFT_EMIT_LOC_STRINGS = NO;
				SWIFT_VERSION = 5.0;
				TEST_TARGET_NAME = Dezka;
			};
			name = Release;
		};
/* End XCBuildConfiguration section */

/* Begin XCConfigurationList section */
		2B5D734D2D2241D70069FE78 /* Build configuration list for PBXProject "Dezka" */ = {
			isa = XCConfigurationList;
			buildConfigurations = (
				2B5D73752D2241D90069FE78 /* Debug */,
				2B5D73762D2241D90069FE78 /* Release */,
			);
			defaultConfigurationIsVisible = 0;
			defaultConfigurationName = Release;
		};
		2B5D73772D2241D90069FE78 /* Build configuration list for PBXNativeTarget "Dezka" */ = {
			isa = XCConfigurationList;
			buildConfigurations = (
				2B5D73782D2241D90069FE78 /* Debug */,
				2B5D73792D2241D90069FE78 /* Release */,
			);
			defaultConfigurationIsVisible = 0;
			defaultConfigurationName = Release;
		};
		2B5D737A2D2241D90069FE78 /* Build configuration list for PBXNativeTarget "DezkaTests" */ = {
			isa = XCConfigurationList;
			buildConfigurations = (
				2B5D737B2D2241D90069FE78 /* Debug */,
				2B5D737C2D2241D90069FE78 /* Release */,
			);
			defaultConfigurationIsVisible = 0;
			defaultConfigurationName = Release;
		};
		2B5D737D2D2241D90069FE78 /* Build configuration list for PBXNativeTarget "DezkaUITests" */ = {
			isa = XCConfigurationList;
			buildConfigurations = (
				2B5D737E2D2241D90069FE78 /* Debug */,
				2B5D737F2D2241D90069FE78 /* Release */,
			);
			defaultConfigurationIsVisible = 0;
			defaultConfigurationName = Release;
		};
/* End XCConfigurationList section */
	};
	rootObject = 2B5D734A2D2241D70069FE78 /* Project object */;
}
